<?xml version="1.0" encoding="utf-8"?>
<Project ToolsVersion="4.0" xmlns="http://schemas.microsoft.com/developer/msbuild/2003">
  <ItemGroup>
    <Filter Include="Source Files">
      <UniqueIdentifier>{4FC737F1-C7A5-4376-A066-2A32D752A2FF}</UniqueIdentifier>
      <Extensions>cpp;c;cc;cxx;def;odl;idl;hpj;bat;asm;asmx</Extensions>
    </Filter>
    <Filter Include="Header Files">
      <UniqueIdentifier>{93995380-89BD-4b04-88EB-625FBE52EBFB}</UniqueIdentifier>
      <Extensions>h;hh;hpp;hxx;hm;inl;inc;ipp;xsd</Extensions>
    </Filter>
    <Filter Include="Resource Files">
      <UniqueIdentifier>{67DA6AB6-F800-4c08-8B7A-83BB121AAD01}</UniqueIdentifier>
      <Extensions>rc;ico;cur;bmp;dlg;rc2;rct;bin;rgs;gif;jpg;jpeg;jpe;resx;tiff;tif;png;wav;mfcribbon-ms</Extensions>
    </Filter>
    <Filter Include="Source Files\imgui">
      <UniqueIdentifier>{8b7f64cc-6ecd-474b-a136-afaa31fb07f9}</UniqueIdentifier>
    </Filter>
    <Filter Include="Source Files\meshoptimiser">
      <UniqueIdentifier>{2c371b01-07bb-491b-9c40-acdee2d0be35}</UniqueIdentifier>
    </Filter>
    <Filter Include="Header Files\ecs">
      <UniqueIdentifier>{83c1fdc7-5f0f-43ed-a2fe-64214c800c1d}</UniqueIdentifier>
    </Filter>
    <Filter Include="Header Files\cache">
      <UniqueIdentifier>{4f3decc3-e510-4311-a8fb-2728f91e756d}</UniqueIdentifier>
    </Filter>
    <Filter Include="Source Files\vulkanmemoryallocator">
      <UniqueIdentifier>{85aca50f-9a8f-404a-b625-21591d73795b}</UniqueIdentifier>
    </Filter>
    <Filter Include="Source Files\FastNoise">
      <UniqueIdentifier>{53ec27a1-da1e-4c97-9c0f-a045c857d3a4}</UniqueIdentifier>
    </Filter>
  </ItemGroup>
  <ItemGroup>
    <ClCompile Include="main.cpp">
      <Filter>Source Files</Filter>
    </ClCompile>
    <ClCompile Include="AppBase.cpp">
      <Filter>Source Files</Filter>
    </ClCompile>
    <ClCompile Include="VulkanInterface.cpp">
      <Filter>Source Files</Filter>
    </ClCompile>
    <ClCompile Include="VulkanInterface.Functions.cpp">
      <Filter>Source Files</Filter>
    </ClCompile>
    <ClCompile Include="VulkanInterface.OSWindow.cpp">
      <Filter>Source Files</Filter>
    </ClCompile>
    <ClCompile Include="ComputeApp.cpp">
      <Filter>Source Files</Filter>
    </ClCompile>
    <ClCompile Include="GraphicsPipeline.cpp">
      <Filter>Source Files</Filter>
    </ClCompile>
    <ClCompile Include="..\external\imgui\imgui.cpp">
      <Filter>Source Files\imgui</Filter>
    </ClCompile>
    <ClCompile Include="..\external\imgui\imgui_demo.cpp">
      <Filter>Source Files\imgui</Filter>
    </ClCompile>
    <ClCompile Include="..\external\imgui\imgui_draw.cpp">
      <Filter>Source Files\imgui</Filter>
    </ClCompile>
    <ClCompile Include="..\external\imgui\imgui_widgets.cpp">
      <Filter>Source Files\imgui</Filter>
    </ClCompile>
    <ClCompile Include="..\external\imgui\examples\imgui_impl_vulkan.cpp">
      <Filter>Source Files\imgui</Filter>
    </ClCompile>
    <ClCompile Include="..\external\imgui\examples\imgui_impl_win32.cpp">
      <Filter>Source Files\imgui</Filter>
    </ClCompile>
    <ClCompile Include="..\external\meshoptimizer\src\allocator.cpp">
      <Filter>Source Files\meshoptimiser</Filter>
    </ClCompile>
    <ClCompile Include="..\external\meshoptimizer\src\clusterizer.cpp">
      <Filter>Source Files\meshoptimiser</Filter>
    </ClCompile>
    <ClCompile Include="..\external\meshoptimizer\src\indexcodec.cpp">
      <Filter>Source Files\meshoptimiser</Filter>
    </ClCompile>
    <ClCompile Include="..\external\meshoptimizer\src\indexgenerator.cpp">
      <Filter>Source Files\meshoptimiser</Filter>
    </ClCompile>
    <ClCompile Include="..\external\meshoptimizer\src\overdrawanalyzer.cpp">
      <Filter>Source Files\meshoptimiser</Filter>
    </ClCompile>
    <ClCompile Include="..\external\meshoptimizer\src\overdrawoptimizer.cpp">
      <Filter>Source Files\meshoptimiser</Filter>
    </ClCompile>
    <ClCompile Include="..\external\meshoptimizer\src\simplifier.cpp">
      <Filter>Source Files\meshoptimiser</Filter>
    </ClCompile>
    <ClCompile Include="..\external\meshoptimizer\src\stripifier.cpp">
      <Filter>Source Files\meshoptimiser</Filter>
    </ClCompile>
    <ClCompile Include="..\external\meshoptimizer\src\vcacheanalyzer.cpp">
      <Filter>Source Files\meshoptimiser</Filter>
    </ClCompile>
    <ClCompile Include="..\external\meshoptimizer\src\vcacheoptimizer.cpp">
      <Filter>Source Files\meshoptimiser</Filter>
    </ClCompile>
    <ClCompile Include="..\external\meshoptimizer\src\vertexcodec.cpp">
      <Filter>Source Files\meshoptimiser</Filter>
    </ClCompile>
    <ClCompile Include="..\external\meshoptimizer\src\vfetchanalyzer.cpp">
      <Filter>Source Files\meshoptimiser</Filter>
    </ClCompile>
    <ClCompile Include="..\external\meshoptimizer\src\vfetchoptimizer.cpp">
      <Filter>Source Files\meshoptimiser</Filter>
    </ClCompile>
    <ClCompile Include="vk_mem_alloc.cpp">
      <Filter>Source Files\vulkanmemoryallocator</Filter>
    </ClCompile>
    <ClCompile Include="ChunkManager.cpp">
      <Filter>Source Files</Filter>
    </ClCompile>
    <ClCompile Include="..\external\FastNoise\FastNoise.cpp">
      <Filter>Source Files\FastNoise</Filter>
    </ClCompile>
    <ClCompile Include="ComputePipeline.cpp">
      <Filter>Source Files</Filter>
    </ClCompile>
    <ClCompile Include="ChunkFactory.cpp">
      <Filter>Source Files</Filter>
    </ClCompile>
    <ClCompile Include="Camera.cpp">
      <Filter>Source Files</Filter>
    </ClCompile>
    <ClCompile Include="TerrainGenerator.cpp">
      <Filter>Source Files</Filter>
    </ClCompile>
    <ClCompile Include="SurfaceExtractor.cpp">
      <Filter>Source Files</Filter>
    </ClCompile>
    <ClCompile Include="FrustumClass.cpp">
      <Filter>Source Files</Filter>
    </ClCompile>
  </ItemGroup>
  <ItemGroup>
    <ClInclude Include="ComputeApp.hpp">
      <Filter>Header Files</Filter>
    </ClInclude>
    <ClInclude Include="AppBase.hpp">
      <Filter>Header Files</Filter>
    </ClInclude>
    <ClInclude Include="GraphicsPipeline.hpp">
      <Filter>Header Files</Filter>
    </ClInclude>
    <ClInclude Include="PipelineBase.hpp">
      <Filter>Header Files</Filter>
    </ClInclude>
    <ClInclude Include="UniqueHandle.hpp">
      <Filter>Header Files</Filter>
    </ClInclude>
    <ClInclude Include="VulkanInterface.Functions.hpp">
      <Filter>Header Files</Filter>
    </ClInclude>
    <ClInclude Include="VulkanInterface.hpp">
      <Filter>Header Files</Filter>
    </ClInclude>
    <ClInclude Include="VulkanInterface.OSWindow.hpp">
      <Filter>Header Files</Filter>
    </ClInclude>
    <ClInclude Include="VulkanInterface.VulkanHandle.hpp">
      <Filter>Header Files</Filter>
    </ClInclude>
    <ClInclude Include="HybridComputePipeline.hpp">
      <Filter>Header Files</Filter>
    </ClInclude>
    <ClInclude Include="ComputePipeline.hpp">
      <Filter>Header Files</Filter>
    </ClInclude>
    <ClInclude Include="components.hpp">
      <Filter>Header Files\ecs</Filter>
    </ClInclude>
    <ClInclude Include="ChunkMap.hpp">
      <Filter>Header Files</Filter>
    </ClInclude>
    <ClInclude Include="common.hpp">
      <Filter>Header Files</Filter>
    </ClInclude>
    <ClInclude Include="voxel.hpp">
      <Filter>Header Files</Filter>
    </ClInclude>
    <ClInclude Include="ChunkCache.hpp">
      <Filter>Header Files</Filter>
    </ClInclude>
    <ClInclude Include="ReservedMap.hpp">
      <Filter>Header Files\cache</Filter>
    </ClInclude>
    <ClInclude Include="ChunkManager.hpp">
      <Filter>Header Files</Filter>
    </ClInclude>
    <ClInclude Include="TerrainGenerator.hpp">
      <Filter>Header Files</Filter>
    </ClInclude>
    <ClInclude Include="Camera.hpp">
      <Filter>Header Files</Filter>
    </ClInclude>
    <ClInclude Include="SurfaceExtractor.hpp">
      <Filter>Header Files</Filter>
    </ClInclude>
    <ClInclude Include="DualMC.hpp">
      <Filter>Header Files</Filter>
    </ClInclude>
    <ClInclude Include="chunkDirectionalLight.frag.spv.h">
      <Filter>Resource Files</Filter>
    </ClInclude>
    <ClInclude Include="chunkDirectionalLight.vert.spv.h">
      <Filter>Resource Files</Filter>
    </ClInclude>
    <ClInclude Include="genNormals.hpp">
      <Filter>Header Files</Filter>
    </ClInclude>
    <ClInclude Include="Vertex.hpp">
      <Filter>Header Files</Filter>
    </ClInclude>
    <ClInclude Include="ChunkFactory.hpp">
      <Filter>Header Files</Filter>
    </ClInclude>
    <ClInclude Include="VmaUsage.hpp">
      <Filter>Header Files</Filter>
    </ClInclude>
    <ClInclude Include="TaskflowCommandPools.hpp">
      <Filter>Header Files</Filter>
    </ClInclude>
    <ClInclude Include="FrustumClass.hpp">
      <Filter>Header Files</Filter>
    </ClInclude>
  </ItemGroup>
  <ItemGroup>
    <None Include="ListOfVulkanFunctions.inl">
      <Filter>Header Files</Filter>
    </None>
    <None Include="chunk_directionalLight.vert">
      <Filter>Resource Files</Filter>
    </None>
    <None Include="chunk_directionalLight.frag">
      <Filter>Resource Files</Filter>
    </None>
    <None Include="compileshaders_Debug.bat">
      <Filter>Resource Files</Filter>
    </None>
    <None Include="compileshaders_Release.bat">
      <Filter>Resource Files</Filter>
    </None>
  </ItemGroup>
</Project>